
Microsoft Visual Studio Solution File, Format Version 12.00
# Visual Studio Version 17
VisualStudioVersion = 17.10.34928.147
MinimumVisualStudioVersion = 10.0.40219.1
Project("{FAE04EC0-301F-11D3-BF4B-00C04F79EFBC}") = "BatteryIndicator", "BatteryIndicator\BatteryIndicator.csproj", "{8719AEB5-10BC-440B-A4E0-502569B50FED}"
EndProject
Global
	GlobalSection(SolutionConfigurationPlatforms) = preSolution
		Debug|Any CPU = Debug|Any CPU
		Release|Any CPU = Release|Any CPU
	EndGlobalSection
	GlobalSection(ProjectConfigurationPlatforms) = postSolution
		{8719AEB5-10BC-440B-A4E0-502569B50FED}.Debug|Any CPU.ActiveCfg = Debug|Any CPU
		{8719AEB5-10BC-440B-A4E0-502569B50FED}.Debug|Any CPU.Build.0 = Debug|Any CPU
		{8719AEB5-10BC-440B-A4E0-502569B50FED}.Release|Any CPU.ActiveCfg = Release|Any CPU
		{8719AEB5-10BC-440B-A4E0-502569B50FED}.Release|Any CPU.Build.0 = Release|Any CPU
	EndGlobalSection
	GlobalSection(SolutionProperties) = preSolution
		HideSolutionNode = FALSE
	EndGlobalSection
	GlobalSection(ExtensibilityGlobals) = postSolution
		SolutionGuid = {03D3A535-8CF2-4488-B658-4C99A2B4F897}
	EndGlobalSection
EndGlobal
